
Microsoft Visual Studio Solution File, Format Version 11.00
# Visual Studio 2010
Project("{FAE04EC0-301F-11D3-BF4B-00C04F79EFBC}") = "Assembly-CSharp", "Assembly-CSharp.csproj", "{180f23bb-3ba5-594c-f344-633f26c9117b}"
EndProject
Project("{FAE04EC0-301F-11D3-BF4B-00C04F79EFBC}") = "Assembly-CSharp-Editor", "Assembly-CSharp-Editor.csproj", "{7cb0fe0b-ae34-a397-3ae3-62e75020ef91}"
EndProject
Global
	GlobalSection(SolutionConfigurationPlatforms) = preSolution
		Debug|Any CPU = Debug|Any CPU
	EndGlobalSection
	GlobalSection(ProjectConfigurationPlatforms) = postSolution
		{180f23bb-3ba5-594c-f344-633f26c9117b}.Debug|Any CPU.ActiveCfg = Debug|Any CPU
		{180f23bb-3ba5-594c-f344-633f26c9117b}.Debug|Any CPU.Build.0 = Debug|Any CPU
		{7cb0fe0b-ae34-a397-3ae3-62e75020ef91}.Debug|Any CPU.ActiveCfg = Debug|Any CPU
		{7cb0fe0b-ae34-a397-3ae3-62e75020ef91}.Debug|Any CPU.Build.0 = Debug|Any CPU
	EndGlobalSection
	GlobalSection(SolutionProperties) = preSolution
		HideSolutionNode = FALSE
	EndGlobalSection
EndGlobal
